// !$*UTF8*$!
{
	archiveVersion = 1;
	classes = {
	};
	objectVersion = 46;
	objects = {

/* Begin PBXBuildFile section */
		BA1C58011F3B6B4A0016685B /* ScrollViewController.swift in Sources */ = {isa = PBXBuildFile; fileRef = BA1C58001F3B6B4A0016685B /* ScrollViewController.swift */; };
		BA1FFB111F2D257300D016DE /* AppDelegate.swift in Sources */ = {isa = PBXBuildFile; fileRef = BA1FFB101F2D257300D016DE /* AppDelegate.swift */; };
		BA1FFB131F2D257300D016DE /* ViewController.swift in Sources */ = {isa = PBXBuildFile; fileRef = BA1FFB121F2D257300D016DE /* ViewController.swift */; };
		BA1FFB161F2D257300D016DE /* Main.storyboard in Resources */ = {isa = PBXBuildFile; fileRef = BA1FFB141F2D257300D016DE /* Main.storyboard */; };
		BA1FFB191F2D257300D016DE /* Point_Of_Intrests.xcdatamodeld in Sources */ = {isa = PBXBuildFile; fileRef = BA1FFB171F2D257300D016DE /* Point_Of_Intrests.xcdatamodeld */; };
		BA1FFB1B1F2D257300D016DE /* Assets.xcassets in Resources */ = {isa = PBXBuildFile; fileRef = BA1FFB1A1F2D257300D016DE /* Assets.xcassets */; };
		BA1FFB1E1F2D257300D016DE /* LaunchScreen.storyboard in Resources */ = {isa = PBXBuildFile; fileRef = BA1FFB1C1F2D257300D016DE /* LaunchScreen.storyboard */; };
		BA1FFB291F2D257400D016DE /* Point_Of_IntrestsTests.swift in Sources */ = {isa = PBXBuildFile; fileRef = BA1FFB281F2D257400D016DE /* Point_Of_IntrestsTests.swift */; };
		BA1FFB341F2D257400D016DE /* Point_Of_IntrestsUITests.swift in Sources */ = {isa = PBXBuildFile; fileRef = BA1FFB331F2D257400D016DE /* Point_Of_IntrestsUITests.swift */; };
		BA1FFB431F2D2F8C00D016DE /* PointOfIntrest+CoreDataClass.swift in Sources */ = {isa = PBXBuildFile; fileRef = BA1FFB411F2D2F8C00D016DE /* PointOfIntrest+CoreDataClass.swift */; };
		BA1FFB441F2D2F8C00D016DE /* PointOfIntrest+CoreDataProperties.swift in Sources */ = {isa = PBXBuildFile; fileRef = BA1FFB421F2D2F8C00D016DE /* PointOfIntrest+CoreDataProperties.swift */; };
		BA1FFB461F2D7EF700D016DE /* FormViewController.swift in Sources */ = {isa = PBXBuildFile; fileRef = BA1FFB451F2D7EF700D016DE /* FormViewController.swift */; };
		BA7671751F2E7B43005125C4 /* SearchResultsViewController.swift in Sources */ = {isa = PBXBuildFile; fileRef = BA7671741F2E7B43005125C4 /* SearchResultsViewController.swift */; };
		BA7671771F2E853D005125C4 /* POICell.swift in Sources */ = {isa = PBXBuildFile; fileRef = BA7671761F2E853D005125C4 /* POICell.swift */; };
		BA7671791F2EAE57005125C4 /* DetailViewController.swift in Sources */ = {isa = PBXBuildFile; fileRef = BA7671781F2EAE57005125C4 /* DetailViewController.swift */; };
		BA76717B1F2EB85B005125C4 /* LocationViewController.swift in Sources */ = {isa = PBXBuildFile; fileRef = BA76717A1F2EB85B005125C4 /* LocationViewController.swift */; };
		BAE862611F2F003500C32A6E /* City+CoreDataClass.swift in Sources */ = {isa = PBXBuildFile; fileRef = BAE8625F1F2F003500C32A6E /* City+CoreDataClass.swift */; };
		BAE862621F2F003500C32A6E /* City+CoreDataProperties.swift in Sources */ = {isa = PBXBuildFile; fileRef = BAE862601F2F003500C32A6E /* City+CoreDataProperties.swift */; };
/* End PBXBuildFile section */

/* Begin PBXContainerItemProxy section */
		BA1FFB251F2D257400D016DE /* PBXContainerItemProxy */ = {
			isa = PBXContainerItemProxy;
			containerPortal = BA1FFB051F2D257200D016DE /* Project object */;
			proxyType = 1;
			remoteGlobalIDString = BA1FFB0C1F2D257200D016DE;
			remoteInfo = "Point Of Intrests";
		};
		BA1FFB301F2D257400D016DE /* PBXContainerItemProxy */ = {
			isa = PBXContainerItemProxy;
			containerPortal = BA1FFB051F2D257200D016DE /* Project object */;
			proxyType = 1;
			remoteGlobalIDString = BA1FFB0C1F2D257200D016DE;
			remoteInfo = "Point Of Intrests";
		};
/* End PBXContainerItemProxy section */

/* Begin PBXFileReference section */
		BA1C58001F3B6B4A0016685B /* ScrollViewController.swift */ = {isa = PBXFileReference; fileEncoding = 4; lastKnownFileType = sourcecode.swift; path = ScrollViewController.swift; sourceTree = "<group>"; };
		BA1FFB0D1F2D257200D016DE /* Point Of Intrests.app */ = {isa = PBXFileReference; explicitFileType = wrapper.application; includeInIndex = 0; path = "Point Of Intrests.app"; sourceTree = BUILT_PRODUCTS_DIR; };
		BA1FFB101F2D257300D016DE /* AppDelegate.swift */ = {isa = PBXFileReference; lastKnownFileType = sourcecode.swift; path = AppDelegate.swift; sourceTree = "<group>"; };
		BA1FFB121F2D257300D016DE /* ViewController.swift */ = {isa = PBXFileReference; lastKnownFileType = sourcecode.swift; path = ViewController.swift; sourceTree = "<group>"; };
		BA1FFB151F2D257300D016DE /* Base */ = {isa = PBXFileReference; lastKnownFileType = file.storyboard; name = Base; path = Base.lproj/Main.storyboard; sourceTree = "<group>"; };
		BA1FFB181F2D257300D016DE /* Point_Of_Intrests.xcdatamodel */ = {isa = PBXFileReference; lastKnownFileType = wrapper.xcdatamodel; path = Point_Of_Intrests.xcdatamodel; sourceTree = "<group>"; };
		BA1FFB1A1F2D257300D016DE /* Assets.xcassets */ = {isa = PBXFileReference; lastKnownFileType = folder.assetcatalog; path = Assets.xcassets; sourceTree = "<group>"; };
		BA1FFB1D1F2D257300D016DE /* Base */ = {isa = PBXFileReference; lastKnownFileType = file.storyboard; name = Base; path = Base.lproj/LaunchScreen.storyboard; sourceTree = "<group>"; };
		BA1FFB1F1F2D257300D016DE /* Info.plist */ = {isa = PBXFileReference; lastKnownFileType = text.plist.xml; path = Info.plist; sourceTree = "<group>"; };
		BA1FFB241F2D257400D016DE /* Point Of IntrestsTests.xctest */ = {isa = PBXFileReference; explicitFileType = wrapper.cfbundle; includeInIndex = 0; path = "Point Of IntrestsTests.xctest"; sourceTree = BUILT_PRODUCTS_DIR; };
		BA1FFB281F2D257400D016DE /* Point_Of_IntrestsTests.swift */ = {isa = PBXFileReference; lastKnownFileType = sourcecode.swift; path = Point_Of_IntrestsTests.swift; sourceTree = "<group>"; };
		BA1FFB2A1F2D257400D016DE /* Info.plist */ = {isa = PBXFileReference; lastKnownFileType = text.plist.xml; path = Info.plist; sourceTree = "<group>"; };
		BA1FFB2F1F2D257400D016DE /* Point Of IntrestsUITests.xctest */ = {isa = PBXFileReference; explicitFileType = wrapper.cfbundle; includeInIndex = 0; path = "Point Of IntrestsUITests.xctest"; sourceTree = BUILT_PRODUCTS_DIR; };
		BA1FFB331F2D257400D016DE /* Point_Of_IntrestsUITests.swift */ = {isa = PBXFileReference; lastKnownFileType = sourcecode.swift; path = Point_Of_IntrestsUITests.swift; sourceTree = "<group>"; };
		BA1FFB351F2D257400D016DE /* Info.plist */ = {isa = PBXFileReference; lastKnownFileType = text.plist.xml; path = Info.plist; sourceTree = "<group>"; };
		BA1FFB411F2D2F8C00D016DE /* PointOfIntrest+CoreDataClass.swift */ = {isa = PBXFileReference; fileEncoding = 4; lastKnownFileType = sourcecode.swift; path = "PointOfIntrest+CoreDataClass.swift"; sourceTree = "<group>"; };
		BA1FFB421F2D2F8C00D016DE /* PointOfIntrest+CoreDataProperties.swift */ = {isa = PBXFileReference; fileEncoding = 4; lastKnownFileType = sourcecode.swift; path = "PointOfIntrest+CoreDataProperties.swift"; sourceTree = "<group>"; };
		BA1FFB451F2D7EF700D016DE /* FormViewController.swift */ = {isa = PBXFileReference; fileEncoding = 4; lastKnownFileType = sourcecode.swift; path = FormViewController.swift; sourceTree = "<group>"; };
		BA7671741F2E7B43005125C4 /* SearchResultsViewController.swift */ = {isa = PBXFileReference; fileEncoding = 4; lastKnownFileType = sourcecode.swift; path = SearchResultsViewController.swift; sourceTree = "<group>"; };
		BA7671761F2E853D005125C4 /* POICell.swift */ = {isa = PBXFileReference; fileEncoding = 4; lastKnownFileType = sourcecode.swift; path = POICell.swift; sourceTree = "<group>"; };
		BA7671781F2EAE57005125C4 /* DetailViewController.swift */ = {isa = PBXFileReference; fileEncoding = 4; lastKnownFileType = sourcecode.swift; path = DetailViewController.swift; sourceTree = "<group>"; };
		BA76717A1F2EB85B005125C4 /* LocationViewController.swift */ = {isa = PBXFileReference; fileEncoding = 4; lastKnownFileType = sourcecode.swift; path = LocationViewController.swift; sourceTree = "<group>"; };
		BAE8625F1F2F003500C32A6E /* City+CoreDataClass.swift */ = {isa = PBXFileReference; fileEncoding = 4; lastKnownFileType = sourcecode.swift; path = "City+CoreDataClass.swift"; sourceTree = "<group>"; };
		BAE862601F2F003500C32A6E /* City+CoreDataProperties.swift */ = {isa = PBXFileReference; fileEncoding = 4; lastKnownFileType = sourcecode.swift; path = "City+CoreDataProperties.swift"; sourceTree = "<group>"; };
/* End PBXFileReference section */

/* Begin PBXFrameworksBuildPhase section */
		BA1FFB0A1F2D257200D016DE /* Frameworks */ = {
			isa = PBXFrameworksBuildPhase;
			buildActionMask = 2147483647;
			files = (
			);
			runOnlyForDeploymentPostprocessing = 0;
		};
		BA1FFB211F2D257400D016DE /* Frameworks */ = {
			isa = PBXFrameworksBuildPhase;
			buildActionMask = 2147483647;
			files = (
			);
			runOnlyForDeploymentPostprocessing = 0;
		};
		BA1FFB2C1F2D257400D016DE /* Frameworks */ = {
			isa = PBXFrameworksBuildPhase;
			buildActionMask = 2147483647;
			files = (
			);
			runOnlyForDeploymentPostprocessing = 0;
		};
/* End PBXFrameworksBuildPhase section */

/* Begin PBXGroup section */
		BA1FFB041F2D257200D016DE = {
			isa = PBXGroup;
			children = (
				BAE8625F1F2F003500C32A6E /* City+CoreDataClass.swift */,
				BAE862601F2F003500C32A6E /* City+CoreDataProperties.swift */,
				BA1FFB411F2D2F8C00D016DE /* PointOfIntrest+CoreDataClass.swift */,
				BA1FFB421F2D2F8C00D016DE /* PointOfIntrest+CoreDataProperties.swift */,
				BA1FFB0F1F2D257200D016DE /* Point Of Intrests */,
				BA1FFB271F2D257400D016DE /* Point Of IntrestsTests */,
				BA1FFB321F2D257400D016DE /* Point Of IntrestsUITests */,
				BA1FFB0E1F2D257200D016DE /* Products */,
			);
			sourceTree = "<group>";
		};
		BA1FFB0E1F2D257200D016DE /* Products */ = {
			isa = PBXGroup;
			children = (
				BA1FFB0D1F2D257200D016DE /* Point Of Intrests.app */,
				BA1FFB241F2D257400D016DE /* Point Of IntrestsTests.xctest */,
				BA1FFB2F1F2D257400D016DE /* Point Of IntrestsUITests.xctest */,
			);
			name = Products;
			sourceTree = "<group>";
		};
		BA1FFB0F1F2D257200D016DE /* Point Of Intrests */ = {
			isa = PBXGroup;
			children = (
				BA1FFB101F2D257300D016DE /* AppDelegate.swift */,
				BA1FFB121F2D257300D016DE /* ViewController.swift */,
				BA1FFB141F2D257300D016DE /* Main.storyboard */,
				BA1FFB1A1F2D257300D016DE /* Assets.xcassets */,
				BA1FFB1C1F2D257300D016DE /* LaunchScreen.storyboard */,
				BA1FFB1F1F2D257300D016DE /* Info.plist */,
				BA1FFB171F2D257300D016DE /* Point_Of_Intrests.xcdatamodeld */,
				BA1FFB451F2D7EF700D016DE /* FormViewController.swift */,
				BA7671741F2E7B43005125C4 /* SearchResultsViewController.swift */,
				BA7671761F2E853D005125C4 /* POICell.swift */,
				BA7671781F2EAE57005125C4 /* DetailViewController.swift */,
				BA76717A1F2EB85B005125C4 /* LocationViewController.swift */,
				BA1C58001F3B6B4A0016685B /* ScrollViewController.swift */,
			);
			path = "Point Of Intrests";
			sourceTree = "<group>";
		};
		BA1FFB271F2D257400D016DE /* Point Of IntrestsTests */ = {
			isa = PBXGroup;
			children = (
				BA1FFB281F2D257400D016DE /* Point_Of_IntrestsTests.swift */,
				BA1FFB2A1F2D257400D016DE /* Info.plist */,
			);
			path = "Point Of IntrestsTests";
			sourceTree = "<group>";
		};
		BA1FFB321F2D257400D016DE /* Point Of IntrestsUITests */ = {
			isa = PBXGroup;
			children = (
				BA1FFB331F2D257400D016DE /* Point_Of_IntrestsUITests.swift */,
				BA1FFB351F2D257400D016DE /* Info.plist */,
			);
			path = "Point Of IntrestsUITests";
			sourceTree = "<group>";
		};
/* End PBXGroup section */

/* Begin PBXNativeTarget section */
		BA1FFB0C1F2D257200D016DE /* Point Of Intrests */ = {
			isa = PBXNativeTarget;
			buildConfigurationList = BA1FFB381F2D257400D016DE /* Build configuration list for PBXNativeTarget "Point Of Intrests" */;
			buildPhases = (
				BA1FFB091F2D257200D016DE /* Sources */,
				BA1FFB0A1F2D257200D016DE /* Frameworks */,
				BA1FFB0B1F2D257200D016DE /* Resources */,
			);
			buildRules = (
			);
			dependencies = (
			);
			name = "Point Of Intrests";
			productName = "Point Of Intrests";
			productReference = BA1FFB0D1F2D257200D016DE /* Point Of Intrests.app */;
			productType = "com.apple.product-type.application";
		};
		BA1FFB231F2D257400D016DE /* Point Of IntrestsTests */ = {
			isa = PBXNativeTarget;
			buildConfigurationList = BA1FFB3B1F2D257400D016DE /* Build configuration list for PBXNativeTarget "Point Of IntrestsTests" */;
			buildPhases = (
				BA1FFB201F2D257400D016DE /* Sources */,
				BA1FFB211F2D257400D016DE /* Frameworks */,
				BA1FFB221F2D257400D016DE /* Resources */,
			);
			buildRules = (
			);
			dependencies = (
				BA1FFB261F2D257400D016DE /* PBXTargetDependency */,
			);
			name = "Point Of IntrestsTests";
			productName = "Point Of IntrestsTests";
			productReference = BA1FFB241F2D257400D016DE /* Point Of IntrestsTests.xctest */;
			productType = "com.apple.product-type.bundle.unit-test";
		};
		BA1FFB2E1F2D257400D016DE /* Point Of IntrestsUITests */ = {
			isa = PBXNativeTarget;
			buildConfigurationList = BA1FFB3E1F2D257400D016DE /* Build configuration list for PBXNativeTarget "Point Of IntrestsUITests" */;
			buildPhases = (
				BA1FFB2B1F2D257400D016DE /* Sources */,
				BA1FFB2C1F2D257400D016DE /* Frameworks */,
				BA1FFB2D1F2D257400D016DE /* Resources */,
			);
			buildRules = (
			);
			dependencies = (
				BA1FFB311F2D257400D016DE /* PBXTargetDependency */,
			);
			name = "Point Of IntrestsUITests";
			productName = "Point Of IntrestsUITests";
			productReference = BA1FFB2F1F2D257400D016DE /* Point Of IntrestsUITests.xctest */;
			productType = "com.apple.product-type.bundle.ui-testing";
		};
/* End PBXNativeTarget section */

/* Begin PBXProject section */
		BA1FFB051F2D257200D016DE /* Project object */ = {
			isa = PBXProject;
			attributes = {
				LastSwiftUpdateCheck = 0830;
				LastUpgradeCheck = 0830;
				ORGANIZATIONNAME = HimaTej;
				TargetAttributes = {
					BA1FFB0C1F2D257200D016DE = {
						CreatedOnToolsVersion = 8.3.3;
						DevelopmentTeam = DPV4QBD8ZQ;
						ProvisioningStyle = Automatic;
					};
					BA1FFB231F2D257400D016DE = {
						CreatedOnToolsVersion = 8.3.3;
						ProvisioningStyle = Automatic;
						TestTargetID = BA1FFB0C1F2D257200D016DE;
					};
					BA1FFB2E1F2D257400D016DE = {
						CreatedOnToolsVersion = 8.3.3;
						ProvisioningStyle = Automatic;
						TestTargetID = BA1FFB0C1F2D257200D016DE;
					};
				};
			};
			buildConfigurationList = BA1FFB081F2D257200D016DE /* Build configuration list for PBXProject "Point Of Intrests" */;
			compatibilityVersion = "Xcode 3.2";
			developmentRegion = English;
			hasScannedForEncodings = 0;
			knownRegions = (
				en,
				Base,
			);
			mainGroup = BA1FFB041F2D257200D016DE;
			productRefGroup = BA1FFB0E1F2D257200D016DE /* Products */;
			projectDirPath = "";
			projectRoot = "";
			targets = (
				BA1FFB0C1F2D257200D016DE /* Point Of Intrests */,
				BA1FFB231F2D257400D016DE /* Point Of IntrestsTests */,
				BA1FFB2E1F2D257400D016DE /* Point Of IntrestsUITests */,
			);
		};
/* End PBXProject section */

/* Begin PBXResourcesBuildPhase section */
		BA1FFB0B1F2D257200D016DE /* Resources */ = {
			isa = PBXResourcesBuildPhase;
			buildActionMask = 2147483647;
			files = (
				BA1FFB1E1F2D257300D016DE /* LaunchScreen.storyboard in Resources */,
				BA1FFB1B1F2D257300D016DE /* Assets.xcassets in Resources */,
				BA1FFB161F2D257300D016DE /* Main.storyboard in Resources */,
			);
			runOnlyForDeploymentPostprocessing = 0;
		};
		BA1FFB221F2D257400D016DE /* Resources */ = {
			isa = PBXResourcesBuildPhase;
			buildActionMask = 2147483647;
			files = (
			);
			runOnlyForDeploymentPostprocessing = 0;
		};
		BA1FFB2D1F2D257400D016DE /* Resources */ = {
			isa = PBXResourcesBuildPhase;
			buildActionMask = 2147483647;
			files = (
			);
			runOnlyForDeploymentPostprocessing = 0;
		};
/* End PBXResourcesBuildPhase section */

/* Begin PBXSourcesBuildPhase section */
		BA1FFB091F2D257200D016DE /* Sources */ = {
			isa = PBXSourcesBuildPhase;
			buildActionMask = 2147483647;
			files = (
				BA7671791F2EAE57005125C4 /* DetailViewController.swift in Sources */,
				BA7671771F2E853D005125C4 /* POICell.swift in Sources */,
				BA1FFB461F2D7EF700D016DE /* FormViewController.swift in Sources */,
				BA1FFB131F2D257300D016DE /* ViewController.swift in Sources */,
				BAE862621F2F003500C32A6E /* City+CoreDataProperties.swift in Sources */,
				BA1FFB431F2D2F8C00D016DE /* PointOfIntrest+CoreDataClass.swift in Sources */,
				BA76717B1F2EB85B005125C4 /* LocationViewController.swift in Sources */,
				BA1C58011F3B6B4A0016685B /* ScrollViewController.swift in Sources */,
				BA1FFB191F2D257300D016DE /* Point_Of_Intrests.xcdatamodeld in Sources */,
				BA1FFB441F2D2F8C00D016DE /* PointOfIntrest+CoreDataProperties.swift in Sources */,
				BA7671751F2E7B43005125C4 /* SearchResultsViewController.swift in Sources */,
				BA1FFB111F2D257300D016DE /* AppDelegate.swift in Sources */,
				BAE862611F2F003500C32A6E /* City+CoreDataClass.swift in Sources */,
			);
			runOnlyForDeploymentPostprocessing = 0;
		};
		BA1FFB201F2D257400D016DE /* Sources */ = {
			isa = PBXSourcesBuildPhase;
			buildActionMask = 2147483647;
			files = (
				BA1FFB291F2D257400D016DE /* Point_Of_IntrestsTests.swift in Sources */,
			);
			runOnlyForDeploymentPostprocessing = 0;
		};
		BA1FFB2B1F2D257400D016DE /* Sources */ = {
			isa = PBXSourcesBuildPhase;
			buildActionMask = 2147483647;
			files = (
				BA1FFB341F2D257400D016DE /* Point_Of_IntrestsUITests.swift in Sources */,
			);
			runOnlyForDeploymentPostprocessing = 0;
		};
/* End PBXSourcesBuildPhase section */

/* Begin PBXTargetDependency section */
		BA1FFB261F2D257400D016DE /* PBXTargetDependency */ = {
			isa = PBXTargetDependency;
			target = BA1FFB0C1F2D257200D016DE /* Point Of Intrests */;
			targetProxy = BA1FFB251F2D257400D016DE /* PBXContainerItemProxy */;
		};
		BA1FFB311F2D257400D016DE /* PBXTargetDependency */ = {
			isa = PBXTargetDependency;
			target = BA1FFB0C1F2D257200D016DE /* Point Of Intrests */;
			targetProxy = BA1FFB301F2D257400D016DE /* PBXContainerItemProxy */;
		};
/* End PBXTargetDependency section */

/* Begin PBXVariantGroup section */
		BA1FFB141F2D257300D016DE /* Main.storyboard */ = {
			isa = PBXVariantGroup;
			children = (
				BA1FFB151F2D257300D016DE /* Base */,
			);
			name = Main.storyboard;
			sourceTree = "<group>";
		};
		BA1FFB1C1F2D257300D016DE /* LaunchScreen.storyboard */ = {
			isa = PBXVariantGroup;
			children = (
				BA1FFB1D1F2D257300D016DE /* Base */,
			);
			name = LaunchScreen.storyboard;
			sourceTree = "<group>";
		};
/* End PBXVariantGroup section */

/* Begin XCBuildConfiguration section */
		BA1FFB361F2D257400D016DE /* Debug */ = {
			isa = XCBuildConfiguration;
			buildSettings = {
				ALWAYS_SEARCH_USER_PATHS = NO;
				CLANG_ANALYZER_NONNULL = YES;
				CLANG_ANALYZER_NUMBER_OBJECT_CONVERSION = YES_AGGRESSIVE;
				CLANG_CXX_LANGUAGE_STANDARD = "gnu++0x";
				CLANG_CXX_LIBRARY = "libc++";
				CLANG_ENABLE_MODULES = YES;
				CLANG_ENABLE_OBJC_ARC = YES;
				CLANG_WARN_BOOL_CONVERSION = YES;
				CLANG_WARN_CONSTANT_CONVERSION = YES;
				CLANG_WARN_DIRECT_OBJC_ISA_USAGE = YES_ERROR;
				CLANG_WARN_DOCUMENTATION_COMMENTS = YES;
				CLANG_WARN_EMPTY_BODY = YES;
				CLANG_WARN_ENUM_CONVERSION = YES;
				CLANG_WARN_INFINITE_RECURSION = YES;
				CLANG_WARN_INT_CONVERSION = YES;
				CLANG_WARN_OBJC_ROOT_CLASS = YES_ERROR;
				CLANG_WARN_SUSPICIOUS_MOVE = YES;
				CLANG_WARN_UNREACHABLE_CODE = YES;
				CLANG_WARN__DUPLICATE_METHOD_MATCH = YES;
				"CODE_SIGN_IDENTITY[sdk=iphoneos*]" = "iPhone Developer";
				COPY_PHASE_STRIP = NO;
				DEBUG_INFORMATION_FORMAT = dwarf;
				ENABLE_STRICT_OBJC_MSGSEND = YES;
				ENABLE_TESTABILITY = YES;
				GCC_C_LANGUAGE_STANDARD = gnu99;
				GCC_DYNAMIC_NO_PIC = NO;
				GCC_NO_COMMON_BLOCKS = YES;
				GCC_OPTIMIZATION_LEVEL = 0;
				GCC_PREPROCESSOR_DEFINITIONS = (
					"DEBUG=1",
					"$(inherited)",
				);
				GCC_WARN_64_TO_32_BIT_CONVERSION = YES;
				GCC_WARN_ABOUT_RETURN_TYPE = YES_ERROR;
				GCC_WARN_UNDECLARED_SELECTOR = YES;
				GCC_WARN_UNINITIALIZED_AUTOS = YES_AGGRESSIVE;
				GCC_WARN_UNUSED_FUNCTION = YES;
				GCC_WARN_UNUSED_VARIABLE = YES;
				IPHONEOS_DEPLOYMENT_TARGET = 10.3;
				MTL_ENABLE_DEBUG_INFO = YES;
				ONLY_ACTIVE_ARCH = YES;
				SDKROOT = iphoneos;
				SWIFT_ACTIVE_COMPILATION_CONDITIONS = DEBUG;
				SWIFT_OPTIMIZATION_LEVEL = "-Onone";
			};
			name = Debug;
		};
		BA1FFB371F2D257400D016DE /* Release */ = {
			isa = XCBuildConfiguration;
			buildSettings = {
				ALWAYS_SEARCH_USER_PATHS = NO;
				CLANG_ANALYZER_NONNULL = YES;
				CLANG_ANALYZER_NUMBER_OBJECT_CONVERSION = YES_AGGRESSIVE;
				CLANG_CXX_LANGUAGE_STANDARD = "gnu++0x";
				CLANG_CXX_LIBRARY = "libc++";
				CLANG_ENABLE_MODULES = YES;
				CLANG_ENABLE_OBJC_ARC = YES;
				CLANG_WARN_BOOL_CONVERSION = YES;
				CLANG_WARN_CONSTANT_CONVERSION = YES;
				CLANG_WARN_DIRECT_OBJC_ISA_USAGE = YES_ERROR;
				CLANG_WARN_DOCUMENTATION_COMMENTS = YES;
				CLANG_WARN_EMPTY_BODY = YES;
				CLANG_WARN_ENUM_CONVERSION = YES;
				CLANG_WARN_INFINITE_RECURSION = YES;
				CLANG_WARN_INT_CONVERSION = YES;
				CLANG_WARN_OBJC_ROOT_CLASS = YES_ERROR;
				CLANG_WARN_SUSPICIOUS_MOVE = YES;
				CLANG_WARN_UNREACHABLE_CODE = YES;
				CLANG_WARN__DUPLICATE_METHOD_MATCH = YES;
				"CODE_SIGN_IDENTITY[sdk=iphoneos*]" = "iPhone Developer";
				COPY_PHASE_STRIP = NO;
				DEBUG_INFORMATION_FORMAT = "dwarf-with-dsym";
				ENABLE_NS_ASSERTIONS = NO;
				ENABLE_STRICT_OBJC_MSGSEND = YES;
				GCC_C_LANGUAGE_STANDARD = gnu99;
				GCC_NO_COMMON_BLOCKS = YES;
				GCC_WARN_64_TO_32_BIT_CONVERSION = YES;
				GCC_WARN_ABOUT_RETURN_TYPE = YES_ERROR;
				GCC_WARN_UNDECLARED_SELECTOR = YES;
				GCC_WARN_UNINITIALIZED_AUTOS = YES_AGGRESSIVE;
				GCC_WARN_UNUSED_FUNCTION = YES;
				GCC_WARN_UNUSED_VARIABLE = YES;
				IPHONEOS_DEPLOYMENT_TARGET = 10.3;
				MTL_ENABLE_DEBUG_INFO = NO;
				SDKROOT = iphoneos;
				SWIFT_OPTIMIZATION_LEVEL = "-Owholemodule";
				VALIDATE_PRODUCT = YES;
			};
			name = Release;
		};
		BA1FFB391F2D257400D016DE /* Debug */ = {
			isa = XCBuildConfiguration;
			buildSettings = {
				ASSETCATALOG_COMPILER_APPICON_NAME = AppIcon;
				DEVELOPMENT_TEAM = DPV4QBD8ZQ;
				INFOPLIST_FILE = "Point Of Intrests/Info.plist";
				LD_RUNPATH_SEARCH_PATHS = "$(inherited) @executable_path/Frameworks";
				PRODUCT_BUNDLE_IDENTIFIER = "com.HimaTej.Point-Of-Intrests";
				PRODUCT_NAME = "$(TARGET_NAME)";
				SWIFT_VERSION = 3.0;
			};
			name = Debug;
		};
		BA1FFB3A1F2D257400D016DE /* Release */ = {
			isa = XCBuildConfiguration;
			buildSettings = {
				ASSETCATALOG_COMPILER_APPICON_NAME = AppIcon;
				DEVELOPMENT_TEAM = DPV4QBD8ZQ;
				INFOPLIST_FILE = "Point Of Intrests/Info.plist";
				LD_RUNPATH_SEARCH_PATHS = "$(inherited) @executable_path/Frameworks";
				PRODUCT_BUNDLE_IDENTIFIER = "com.HimaTej.Point-Of-Intrests";
				PRODUCT_NAME = "$(TARGET_NAME)";
				SWIFT_VERSION = 3.0;
			};
			name = Release;
		};
		BA1FFB3C1F2D257400D016DE /* Debug */ = {
			isa = XCBuildConfiguration;
			buildSettings = {
				ALWAYS_EMBED_SWIFT_STANDARD_LIBRARIES = YES;
				BUNDLE_LOADER = "$(TEST_HOST)";
				INFOPLIST_FILE = "Point Of IntrestsTests/Info.plist";
				LD_RUNPATH_SEARCH_PATHS = "$(inherited) @executable_path/Frameworks @loader_path/Frameworks";
				PRODUCT_BUNDLE_IDENTIFIER = "com.HimaTej.Point-Of-IntrestsTests";
				PRODUCT_NAME = "$(TARGET_NAME)";
				SWIFT_VERSION = 3.0;
				TEST_HOST = "$(BUILT_PRODUCTS_DIR)/Point Of Intrests.app/Point Of Intrests";
			};
			name = Debug;
		};
		BA1FFB3D1F2D257400D016DE /* Release */ = {
			isa = XCBuildConfiguration;
			buildSettings = {
				ALWAYS_EMBED_SWIFT_STANDARD_LIBRARIES = YES;
				BUNDLE_LOADER = "$(TEST_HOST)";
				INFOPLIST_FILE = "Point Of IntrestsTests/Info.plist";
				LD_RUNPATH_SEARCH_PATHS = "$(inherited) @executable_path/Frameworks @loader_path/Frameworks";
				PRODUCT_BUNDLE_IDENTIFIER = "com.HimaTej.Point-Of-IntrestsTests";
				PRODUCT_NAME = "$(TARGET_NAME)";
				SWIFT_VERSION = 3.0;
				TEST_HOST = "$(BUILT_PRODUCTS_DIR)/Point Of Intrests.app/Point Of Intrests";
			};
			name = Release;
		};
		BA1FFB3F1F2D257400D016DE /* Debug */ = {
			isa = XCBuildConfiguration;
			buildSettings = {
				ALWAYS_EMBED_SWIFT_STANDARD_LIBRARIES = YES;
				INFOPLIST_FILE = "Point Of IntrestsUITests/Info.plist";
				LD_RUNPATH_SEARCH_PATHS = "$(inherited) @executable_path/Frameworks @loader_path/Frameworks";
				PRODUCT_BUNDLE_IDENTIFIER = "com.HimaTej.Point-Of-IntrestsUITests";
				PRODUCT_NAME = "$(TARGET_NAME)";
				SWIFT_VERSION = 3.0;
				TEST_TARGET_NAME = "Point Of Intrests";
			};
			name = Debug;
		};
		BA1FFB401F2D257400D016DE /* Release */ = {
			isa = XCBuildConfiguration;
			buildSettings = {
				ALWAYS_EMBED_SWIFT_STANDARD_LIBRARIES = YES;
				INFOPLIST_FILE = "Point Of IntrestsUITests/Info.plist";
				LD_RUNPATH_SEARCH_PATHS = "$(inherited) @executable_path/Frameworks @loader_path/Frameworks";
				PRODUCT_BUNDLE_IDENTIFIER = "com.HimaTej.Point-Of-IntrestsUITests";
				PRODUCT_NAME = "$(TARGET_NAME)";
				SWIFT_VERSION = 3.0;
				TEST_TARGET_NAME = "Point Of Intrests";
			};
			name = Release;
		};
/* End XCBuildConfiguration section */

/* Begin XCConfigurationList section */
		BA1FFB081F2D257200D016DE /* Build configuration list for PBXProject "Point Of Intrests" */ = {
			isa = XCConfigurationList;
			buildConfigurations = (
				BA1FFB361F2D257400D016DE /* Debug */,
				BA1FFB371F2D257400D016DE /* Release */,
			);
			defaultConfigurationIsVisible = 0;
			defaultConfigurationName = Release;
		};
		BA1FFB381F2D257400D016DE /* Build configuration list for PBXNativeTarget "Point Of Intrests" */ = {
			isa = XCConfigurationList;
			buildConfigurations = (
				BA1FFB391F2D257400D016DE /* Debug */,
				BA1FFB3A1F2D257400D016DE /* Release */,
			);
			defaultConfigurationIsVisible = 0;
			defaultConfigurationName = Release;
		};
		BA1FFB3B1F2D257400D016DE /* Build configuration list for PBXNativeTarget "Point Of IntrestsTests" */ = {
			isa = XCConfigurationList;
			buildConfigurations = (
				BA1FFB3C1F2D257400D016DE /* Debug */,
				BA1FFB3D1F2D257400D016DE /* Release */,
			);
			defaultConfigurationIsVisible = 0;
			defaultConfigurationName = Release;
		};
		BA1FFB3E1F2D257400D016DE /* Build configuration list for PBXNativeTarget "Point Of IntrestsUITests" */ = {
			isa = XCConfigurationList;
			buildConfigurations = (
				BA1FFB3F1F2D257400D016DE /* Debug */,
				BA1FFB401F2D257400D016DE /* Release */,
			);
			defaultConfigurationIsVisible = 0;
			defaultConfigurationName = Release;
		};
/* End XCConfigurationList section */

/* Begin XCVersionGroup section */
		BA1FFB171F2D257300D016DE /* Point_Of_Intrests.xcdatamodeld */ = {
			isa = XCVersionGroup;
			children = (
				BA1FFB181F2D257300D016DE /* Point_Of_Intrests.xcdatamodel */,
			);
			currentVersion = BA1FFB181F2D257300D016DE /* Point_Of_Intrests.xcdatamodel */;
			path = Point_Of_Intrests.xcdatamodeld;
			sourceTree = "<group>";
			versionGroupType = wrapper.xcdatamodel;
		};
/* End XCVersionGroup section */
	};
	rootObject = BA1FFB051F2D257200D016DE /* Project object */;
}
